
Microsoft Visual Studio Solution File, Format Version 12.00
# Visual Studio Version 16
VisualStudioVersion = 16.0.29926.136
MinimumVisualStudioVersion = 10.0.40219.1
Project("{9A19103F-16F7-4668-BE54-9A1E7A4F7556}") = "TalkMaster.View", "TalkMaster.View\TalkMaster.View.csproj", "{044CACBD-C418-4AE3-8B4E-3C91A376FEC1}"
EndProject
Project("{9A19103F-16F7-4668-BE54-9A1E7A4F7556}") = "TalkMaster.Test", "TalkMaster.Test\TalkMaster.Test.csproj", "{487D2A5D-2A6D-41D2-AED6-DAF950955B6B}"
EndProject
Project("{9A19103F-16F7-4668-BE54-9A1E7A4F7556}") = "TalkMaster.Services", "TalkMaster.Services\TalkMaster.Services.csproj", "{8002B4DF-6AC8-481C-A419-EE2623A5CABE}"
EndProject
Global
	GlobalSection(SolutionConfigurationPlatforms) = preSolution
		Debug|Any CPU = Debug|Any CPU
		Release|Any CPU = Release|Any CPU
	EndGlobalSection
	GlobalSection(ProjectConfigurationPlatforms) = postSolution
		{044CACBD-C418-4AE3-8B4E-3C91A376FEC1}.Debug|Any CPU.ActiveCfg = Debug|Any CPU
		{044CACBD-C418-4AE3-8B4E-3C91A376FEC1}.Debug|Any CPU.Build.0 = Debug|Any CPU
		{044CACBD-C418-4AE3-8B4E-3C91A376FEC1}.Release|Any CPU.ActiveCfg = Release|Any CPU
		{044CACBD-C418-4AE3-8B4E-3C91A376FEC1}.Release|Any CPU.Build.0 = Release|Any CPU
		{487D2A5D-2A6D-41D2-AED6-DAF950955B6B}.Debug|Any CPU.ActiveCfg = Debug|Any CPU
		{487D2A5D-2A6D-41D2-AED6-DAF950955B6B}.Debug|Any CPU.Build.0 = Debug|Any CPU
		{487D2A5D-2A6D-41D2-AED6-DAF950955B6B}.Release|Any CPU.ActiveCfg = Release|Any CPU
		{487D2A5D-2A6D-41D2-AED6-DAF950955B6B}.Release|Any CPU.Build.0 = Release|Any CPU
		{8002B4DF-6AC8-481C-A419-EE2623A5CABE}.Debug|Any CPU.ActiveCfg = Debug|Any CPU
		{8002B4DF-6AC8-481C-A419-EE2623A5CABE}.Debug|Any CPU.Build.0 = Debug|Any CPU
		{8002B4DF-6AC8-481C-A419-EE2623A5CABE}.Release|Any CPU.ActiveCfg = Release|Any CPU
		{8002B4DF-6AC8-481C-A419-EE2623A5CABE}.Release|Any CPU.Build.0 = Release|Any CPU
	EndGlobalSection
	GlobalSection(SolutionProperties) = preSolution
		HideSolutionNode = FALSE
	EndGlobalSection
	GlobalSection(ExtensibilityGlobals) = postSolution
		SolutionGuid = {0E4A95E5-1617-4C87-A0EB-D0EF04F3035A}
	EndGlobalSection
EndGlobal
